
Microsoft Visual Studio Solution File, Format Version 12.00
# Visual Studio 15
VisualStudioVersion = 15.0.28010.2026
MinimumVisualStudioVersion = 10.0.40219.1
Project("{FAE04EC0-301F-11D3-BF4B-00C04F79EFBC}") = "Hangman", "Hangman\Hangman.csproj", "{8E46D9CC-896A-4DBA-84D4-A1EAC9BC164B}"
EndProject
Global
	GlobalSection(SolutionConfigurationPlatforms) = preSolution
		Debug|Any CPU = Debug|Any CPU
		Release|Any CPU = Release|Any CPU
	EndGlobalSection
	GlobalSection(ProjectConfigurationPlatforms) = postSolution
		{8E46D9CC-896A-4DBA-84D4-A1EAC9BC164B}.Debug|Any CPU.ActiveCfg = Debug|Any CPU
		{8E46D9CC-896A-4DBA-84D4-A1EAC9BC164B}.Debug|Any CPU.Build.0 = Debug|Any CPU
		{8E46D9CC-896A-4DBA-84D4-A1EAC9BC164B}.Release|Any CPU.ActiveCfg = Release|Any CPU
		{8E46D9CC-896A-4DBA-84D4-A1EAC9BC164B}.Release|Any CPU.Build.0 = Release|Any CPU
	EndGlobalSection
	GlobalSection(SolutionProperties) = preSolution
		HideSolutionNode = FALSE
	EndGlobalSection
	GlobalSection(ExtensibilityGlobals) = postSolution
		SolutionGuid = {EDC1E13B-3650-4407-A9C0-6B52CC5DD9A9}
	EndGlobalSection
EndGlobal
